Microsoft Visual Studio Solution File, Format Version 12.00
# Visual Studio Version 17
VisualStudioVersion = 17.5.2.0
MinimumVisualStudioVersion = 10.0.40219.1
Project("{FAE04EC0-301F-11D3-BF4B-00C04F79EFBC}") = "kalProject.Utils.StringCase", "kalProject.Utils.StringCase.csproj", "{AD4E98CE-BBFB-5DE0-F8E0-0EF6095DB8EE}"
EndProject
Global
	GlobalSection(SolutionConfigurationPlatforms) = preSolution
		Debug|Any CPU = Debug|Any CPU
		Release|Any CPU = Release|Any CPU
	EndGlobalSection
	GlobalSection(ProjectConfigurationPlatforms) = postSolution
		{AD4E98CE-BBFB-5DE0-F8E0-0EF6095DB8EE}.Debug|Any CPU.ActiveCfg = Debug|Any CPU
		{AD4E98CE-BBFB-5DE0-F8E0-0EF6095DB8EE}.Debug|Any CPU.Build.0 = Debug|Any CPU
		{AD4E98CE-BBFB-5DE0-F8E0-0EF6095DB8EE}.Release|Any CPU.ActiveCfg = Release|Any CPU
		{AD4E98CE-BBFB-5DE0-F8E0-0EF6095DB8EE}.Release|Any CPU.Build.0 = Release|Any CPU
	EndGlobalSection
	GlobalSection(SolutionProperties) = preSolution
		HideSolutionNode = FALSE
	EndGlobalSection
	GlobalSection(ExtensibilityGlobals) = postSolution
		SolutionGuid = {D0058024-A88C-4DFF-BD0A-88B02C10D03D}
	EndGlobalSection
EndGlobal
